
Microsoft Visual Studio Solution File, Format Version 12.00
# Visual Studio Version 17
VisualStudioVersion = 17.14.36414.22
MinimumVisualStudioVersion = 10.0.40219.1
Project("{FAE04EC0-301F-11D3-BF4B-00C04F79EFBC}") = "LotteryPlay", "LotteryPlay\LotteryPlay.csproj", "{71BE7DE0-E489-40D4-BBA3-08C0D8C9E228}"
EndProject
Project("{FAE04EC0-301F-11D3-BF4B-00C04F79EFBC}") = "LotteryAdminSystem", "LotteryAdminSystem\LotteryAdminSystem.csproj", "{C7ED4157-848A-46F4-A27D-974E7274A774}"
EndProject
Project("{FAE04EC0-301F-11D3-BF4B-00C04F79EFBC}") = "LotteryModels", "LotteryModels\LotteryModels.csproj", "{879A7870-B016-40C2-8146-227C4E51579D}"
EndProject
Global
	GlobalSection(SolutionConfigurationPlatforms) = preSolution
		Debug|Any CPU = Debug|Any CPU
		Release|Any CPU = Release|Any CPU
	EndGlobalSection
	GlobalSection(ProjectConfigurationPlatforms) = postSolution
		{71BE7DE0-E489-40D4-BBA3-08C0D8C9E228}.Debug|Any CPU.ActiveCfg = Debug|Any CPU
		{71BE7DE0-E489-40D4-BBA3-08C0D8C9E228}.Debug|Any CPU.Build.0 = Debug|Any CPU
		{71BE7DE0-E489-40D4-BBA3-08C0D8C9E228}.Release|Any CPU.ActiveCfg = Release|Any CPU
		{71BE7DE0-E489-40D4-BBA3-08C0D8C9E228}.Release|Any CPU.Build.0 = Release|Any CPU
		{C7ED4157-848A-46F4-A27D-974E7274A774}.Debug|Any CPU.ActiveCfg = Debug|Any CPU
		{C7ED4157-848A-46F4-A27D-974E7274A774}.Debug|Any CPU.Build.0 = Debug|Any CPU
		{C7ED4157-848A-46F4-A27D-974E7274A774}.Release|Any CPU.ActiveCfg = Release|Any CPU
		{C7ED4157-848A-46F4-A27D-974E7274A774}.Release|Any CPU.Build.0 = Release|Any CPU
		{879A7870-B016-40C2-8146-227C4E51579D}.Debug|Any CPU.ActiveCfg = Debug|Any CPU
		{879A7870-B016-40C2-8146-227C4E51579D}.Debug|Any CPU.Build.0 = Debug|Any CPU
		{879A7870-B016-40C2-8146-227C4E51579D}.Release|Any CPU.ActiveCfg = Release|Any CPU
		{879A7870-B016-40C2-8146-227C4E51579D}.Release|Any CPU.Build.0 = Release|Any CPU
	EndGlobalSection
	GlobalSection(SolutionProperties) = preSolution
		HideSolutionNode = FALSE
	EndGlobalSection
	GlobalSection(ExtensibilityGlobals) = postSolution
		SolutionGuid = {71FE8D99-7534-40EB-A1AD-48620E0873EB}
	EndGlobalSection
EndGlobal
